
Microsoft Visual Studio Solution File, Format Version 12.00
Project("{FAE04EC0-301F-11D3-BF4B-00C04F79EFBC}") = "VetApi", "VetApi\VetApi.csproj", "{5A0DA030-1D18-44F6-8157-6F6E57741FEA}"
EndProject
Project("{2150E333-8FDC-42A3-9474-1A3956D46DE8}") = "Solution Items", "Solution Items", "{670DDC54-7831-47DE-A6B6-12C472DEDE50}"
	ProjectSection(SolutionItems) = preProject
		compose.yaml = compose.yaml
	EndProjectSection
EndProject
Project("{FAE04EC0-301F-11D3-BF4B-00C04F79EFBC}") = "Vet.DataAccess", "Vet.DataAccess\Vet.DataAccess.csproj", "{AB87B2B8-06BD-4B21-B4D2-620FE6946D55}"
EndProject
Project("{FAE04EC0-301F-11D3-BF4B-00C04F79EFBC}") = "Vet.Models", "Vet.Models\Vet.Models.csproj", "{55131171-A63C-4D63-A66F-601F0EB1B784}"
EndProject
Project("{FAE04EC0-301F-11D3-BF4B-00C04F79EFBC}") = "Vet.Test", "Vet.Test\Vet.Test.csproj", "{F8CA2F93-4D1D-4678-9C5F-B591E3990C42}"
EndProject
Global
	GlobalSection(SolutionConfigurationPlatforms) = preSolution
		Debug|Any CPU = Debug|Any CPU
		Release|Any CPU = Release|Any CPU
	EndGlobalSection
	GlobalSection(ProjectConfigurationPlatforms) = postSolution
		{5A0DA030-1D18-44F6-8157-6F6E57741FEA}.Debug|Any CPU.ActiveCfg = Debug|Any CPU
		{5A0DA030-1D18-44F6-8157-6F6E57741FEA}.Debug|Any CPU.Build.0 = Debug|Any CPU
		{5A0DA030-1D18-44F6-8157-6F6E57741FEA}.Release|Any CPU.ActiveCfg = Release|Any CPU
		{5A0DA030-1D18-44F6-8157-6F6E57741FEA}.Release|Any CPU.Build.0 = Release|Any CPU
		{AB87B2B8-06BD-4B21-B4D2-620FE6946D55}.Debug|Any CPU.ActiveCfg = Debug|Any CPU
		{AB87B2B8-06BD-4B21-B4D2-620FE6946D55}.Debug|Any CPU.Build.0 = Debug|Any CPU
		{AB87B2B8-06BD-4B21-B4D2-620FE6946D55}.Release|Any CPU.ActiveCfg = Release|Any CPU
		{AB87B2B8-06BD-4B21-B4D2-620FE6946D55}.Release|Any CPU.Build.0 = Release|Any CPU
		{55131171-A63C-4D63-A66F-601F0EB1B784}.Debug|Any CPU.ActiveCfg = Debug|Any CPU
		{55131171-A63C-4D63-A66F-601F0EB1B784}.Debug|Any CPU.Build.0 = Debug|Any CPU
		{55131171-A63C-4D63-A66F-601F0EB1B784}.Release|Any CPU.ActiveCfg = Release|Any CPU
		{55131171-A63C-4D63-A66F-601F0EB1B784}.Release|Any CPU.Build.0 = Release|Any CPU
		{F8CA2F93-4D1D-4678-9C5F-B591E3990C42}.Debug|Any CPU.ActiveCfg = Debug|Any CPU
		{F8CA2F93-4D1D-4678-9C5F-B591E3990C42}.Debug|Any CPU.Build.0 = Debug|Any CPU
		{F8CA2F93-4D1D-4678-9C5F-B591E3990C42}.Release|Any CPU.ActiveCfg = Release|Any CPU
		{F8CA2F93-4D1D-4678-9C5F-B591E3990C42}.Release|Any CPU.Build.0 = Release|Any CPU
	EndGlobalSection
EndGlobal
